
Microsoft Visual Studio Solution File, Format Version 12.00
# Visual Studio Version 17
VisualStudioVersion = 17.1.32319.34
MinimumVisualStudioVersion = 10.0.40219.1
Project("{9A19103F-16F7-4668-BE54-9A1E7A4F7556}") = "Lesson6-1", "Lesson6-1\Lesson6-1.csproj", "{6C683106-ED3B-4FBC-8D4C-BB98C2CB9207}"
EndProject
Project("{FAE04EC0-301F-11D3-BF4B-00C04F79EFBC}") = "Lesson6-2", "Lesson6-2\Lesson6-2.csproj", "{9DC63C29-78B7-486F-BB16-C9C12E2E387D}"
EndProject
Global
	GlobalSection(SolutionConfigurationPlatforms) = preSolution
		Debug|Any CPU = Debug|Any CPU
		Release|Any CPU = Release|Any CPU
	EndGlobalSection
	GlobalSection(ProjectConfigurationPlatforms) = postSolution
		{6C683106-ED3B-4FBC-8D4C-BB98C2CB9207}.Debug|Any CPU.ActiveCfg = Debug|Any CPU
		{6C683106-ED3B-4FBC-8D4C-BB98C2CB9207}.Debug|Any CPU.Build.0 = Debug|Any CPU
		{6C683106-ED3B-4FBC-8D4C-BB98C2CB9207}.Release|Any CPU.ActiveCfg = Release|Any CPU
		{6C683106-ED3B-4FBC-8D4C-BB98C2CB9207}.Release|Any CPU.Build.0 = Release|Any CPU
		{9DC63C29-78B7-486F-BB16-C9C12E2E387D}.Debug|Any CPU.ActiveCfg = Debug|Any CPU
		{9DC63C29-78B7-486F-BB16-C9C12E2E387D}.Debug|Any CPU.Build.0 = Debug|Any CPU
		{9DC63C29-78B7-486F-BB16-C9C12E2E387D}.Release|Any CPU.ActiveCfg = Release|Any CPU
		{9DC63C29-78B7-486F-BB16-C9C12E2E387D}.Release|Any CPU.Build.0 = Release|Any CPU
	EndGlobalSection
	GlobalSection(SolutionProperties) = preSolution
		HideSolutionNode = FALSE
	EndGlobalSection
	GlobalSection(ExtensibilityGlobals) = postSolution
		SolutionGuid = {E6583128-8BBE-4BEA-80A1-C58EDFE18080}
	EndGlobalSection
EndGlobal
